
Microsoft Visual Studio Solution File, Format Version 12.00
# Visual Studio Version 17
VisualStudioVersion = 17.2.32616.157
MinimumVisualStudioVersion = 10.0.40219.1
Project("{FAE04EC0-301F-11D3-BF4B-00C04F79EFBC}") = "practice", "practice\practice.csproj", "{2E2C13B1-7A3F-407A-84F7-46AA676B6C8A}"
EndProject
Global
	GlobalSection(SolutionConfigurationPlatforms) = preSolution
		Debug|Any CPU = Debug|Any CPU
		Release|Any CPU = Release|Any CPU
	EndGlobalSection
	GlobalSection(ProjectConfigurationPlatforms) = postSolution
		{2E2C13B1-7A3F-407A-84F7-46AA676B6C8A}.Debug|Any CPU.ActiveCfg = Debug|Any CPU
		{2E2C13B1-7A3F-407A-84F7-46AA676B6C8A}.Debug|Any CPU.Build.0 = Debug|Any CPU
		{2E2C13B1-7A3F-407A-84F7-46AA676B6C8A}.Release|Any CPU.ActiveCfg = Release|Any CPU
		{2E2C13B1-7A3F-407A-84F7-46AA676B6C8A}.Release|Any CPU.Build.0 = Release|Any CPU
	EndGlobalSection
	GlobalSection(SolutionProperties) = preSolution
		HideSolutionNode = FALSE
	EndGlobalSection
	GlobalSection(ExtensibilityGlobals) = postSolution
		SolutionGuid = {909020FB-1333-4B3D-9E62-D7A5D45A8AC6}
	EndGlobalSection
EndGlobal
